
Microsoft Visual Studio Solution File, Format Version 12.00
# Visual Studio Version 17
VisualStudioVersion = 17.1.32328.378
MinimumVisualStudioVersion = 10.0.40219.1
Project("{FAE04EC0-301F-11D3-BF4B-00C04F79EFBC}") = "RadioButtonKontrola", "RadioButtonKontrola\RadioButtonKontrola.csproj", "{F5B80D19-90EE-4410-A6AF-7F52C85E8DEC}"
EndProject
Global
	GlobalSection(SolutionConfigurationPlatforms) = preSolution
		Debug|Any CPU = Debug|Any CPU
		Release|Any CPU = Release|Any CPU
	EndGlobalSection
	GlobalSection(ProjectConfigurationPlatforms) = postSolution
		{F5B80D19-90EE-4410-A6AF-7F52C85E8DEC}.Debug|Any CPU.ActiveCfg = Debug|Any CPU
		{F5B80D19-90EE-4410-A6AF-7F52C85E8DEC}.Debug|Any CPU.Build.0 = Debug|Any CPU
		{F5B80D19-90EE-4410-A6AF-7F52C85E8DEC}.Release|Any CPU.ActiveCfg = Release|Any CPU
		{F5B80D19-90EE-4410-A6AF-7F52C85E8DEC}.Release|Any CPU.Build.0 = Release|Any CPU
	EndGlobalSection
	GlobalSection(SolutionProperties) = preSolution
		HideSolutionNode = FALSE
	EndGlobalSection
	GlobalSection(ExtensibilityGlobals) = postSolution
		SolutionGuid = {D32E4D6A-3C11-4B20-8451-27176C81F256}
	EndGlobalSection
EndGlobal
